
Microsoft Visual Studio Solution File, Format Version 12.00
# Visual Studio Version 17
VisualStudioVersion = 17.6.33829.357
MinimumVisualStudioVersion = 10.0.40219.1
Project("{9A19103F-16F7-4668-BE54-9A1E7A4F7556}") = "ServiceBusApp.ProducerApi", "ServiceBusApp.ProducerApi\ServiceBusApp.ProducerApi.csproj", "{AF59ED16-8A8D-49D8-B3A2-B051FAFFCF75}"
EndProject
Project("{9A19103F-16F7-4668-BE54-9A1E7A4F7556}") = "ServiceBusApp.Common", "ServiceBusApp.Common\ServiceBusApp.Common.csproj", "{52C318E4-B42F-4347-90DF-609D5111CC37}"
EndProject
Project("{FAE04EC0-301F-11D3-BF4B-00C04F79EFBC}") = "ServiceBusApp.Consumer", "ServiceBusApp.Consumer2\ServiceBusApp.Consumer.csproj", "{4C94D87F-C0CE-46A3-849E-D36A7B37D63F}"
EndProject
Global
	GlobalSection(SolutionConfigurationPlatforms) = preSolution
		Debug|Any CPU = Debug|Any CPU
		Release|Any CPU = Release|Any CPU
	EndGlobalSection
	GlobalSection(ProjectConfigurationPlatforms) = postSolution
		{AF59ED16-8A8D-49D8-B3A2-B051FAFFCF75}.Debug|Any CPU.ActiveCfg = Debug|Any CPU
		{AF59ED16-8A8D-49D8-B3A2-B051FAFFCF75}.Debug|Any CPU.Build.0 = Debug|Any CPU
		{AF59ED16-8A8D-49D8-B3A2-B051FAFFCF75}.Release|Any CPU.ActiveCfg = Release|Any CPU
		{AF59ED16-8A8D-49D8-B3A2-B051FAFFCF75}.Release|Any CPU.Build.0 = Release|Any CPU
		{52C318E4-B42F-4347-90DF-609D5111CC37}.Debug|Any CPU.ActiveCfg = Debug|Any CPU
		{52C318E4-B42F-4347-90DF-609D5111CC37}.Debug|Any CPU.Build.0 = Debug|Any CPU
		{52C318E4-B42F-4347-90DF-609D5111CC37}.Release|Any CPU.ActiveCfg = Release|Any CPU
		{52C318E4-B42F-4347-90DF-609D5111CC37}.Release|Any CPU.Build.0 = Release|Any CPU
		{4C94D87F-C0CE-46A3-849E-D36A7B37D63F}.Debug|Any CPU.ActiveCfg = Debug|Any CPU
		{4C94D87F-C0CE-46A3-849E-D36A7B37D63F}.Debug|Any CPU.Build.0 = Debug|Any CPU
		{4C94D87F-C0CE-46A3-849E-D36A7B37D63F}.Release|Any CPU.ActiveCfg = Release|Any CPU
		{4C94D87F-C0CE-46A3-849E-D36A7B37D63F}.Release|Any CPU.Build.0 = Release|Any CPU
	EndGlobalSection
	GlobalSection(SolutionProperties) = preSolution
		HideSolutionNode = FALSE
	EndGlobalSection
	GlobalSection(ExtensibilityGlobals) = postSolution
		SolutionGuid = {F873CB37-6FD7-4813-9E2C-06AA6993C9DD}
	EndGlobalSection
EndGlobal
